
Microsoft Visual Studio Solution File, Format Version 12.00
# Visual Studio 15
VisualStudioVersion = 15.0.28307.2092
MinimumVisualStudioVersion = 10.0.40219.1
Project("{FAE04EC0-301F-11D3-BF4B-00C04F79EFBC}") = "SunMoonBand", "SunMoonBand\SunMoonBand.csproj", "{46CC6AEA-1F46-4495-81F3-5EB377ECC49F}"
EndProject
Project("{FAE04EC0-301F-11D3-BF4B-00C04F79EFBC}") = "SunMoonBandCommon", "SunMoonBandCommon\SunMoonBandCommon.csproj", "{3BE9399B-962B-441B-80F3-3B2F7ED518CE}"
EndProject
Project("{FAE04EC0-301F-11D3-BF4B-00C04F79EFBC}") = "SunMoonBandTask", "SunMoonBandTask\SunMoonBandTask.csproj", "{AA2F4A0D-214C-43C6-9B85-B9F4AC718898}"
EndProject
Global
	GlobalSection(SolutionConfigurationPlatforms) = preSolution
		Debug|Any CPU = Debug|Any CPU
		Debug|ARM = Debug|ARM
		Debug|ARM64 = Debug|ARM64
		Debug|x64 = Debug|x64
		Debug|x86 = Debug|x86
		Release|Any CPU = Release|Any CPU
		Release|ARM = Release|ARM
		Release|ARM64 = Release|ARM64
		Release|x64 = Release|x64
		Release|x86 = Release|x86
	EndGlobalSection
	GlobalSection(ProjectConfigurationPlatforms) = postSolution
		{46CC6AEA-1F46-4495-81F3-5EB377ECC49F}.Debug|Any CPU.ActiveCfg = Debug|x86
		{46CC6AEA-1F46-4495-81F3-5EB377ECC49F}.Debug|Any CPU.Build.0 = Debug|x86
		{46CC6AEA-1F46-4495-81F3-5EB377ECC49F}.Debug|Any CPU.Deploy.0 = Debug|x86
		{46CC6AEA-1F46-4495-81F3-5EB377ECC49F}.Debug|ARM.ActiveCfg = Debug|ARM
		{46CC6AEA-1F46-4495-81F3-5EB377ECC49F}.Debug|ARM.Build.0 = Debug|ARM
		{46CC6AEA-1F46-4495-81F3-5EB377ECC49F}.Debug|ARM.Deploy.0 = Debug|ARM
		{46CC6AEA-1F46-4495-81F3-5EB377ECC49F}.Debug|ARM64.ActiveCfg = Debug|ARM64
		{46CC6AEA-1F46-4495-81F3-5EB377ECC49F}.Debug|ARM64.Build.0 = Debug|ARM64
		{46CC6AEA-1F46-4495-81F3-5EB377ECC49F}.Debug|ARM64.Deploy.0 = Debug|ARM64
		{46CC6AEA-1F46-4495-81F3-5EB377ECC49F}.Debug|x64.ActiveCfg = Debug|x64
		{46CC6AEA-1F46-4495-81F3-5EB377ECC49F}.Debug|x64.Build.0 = Debug|x64
		{46CC6AEA-1F46-4495-81F3-5EB377ECC49F}.Debug|x64.Deploy.0 = Debug|x64
		{46CC6AEA-1F46-4495-81F3-5EB377ECC49F}.Debug|x86.ActiveCfg = Debug|x86
		{46CC6AEA-1F46-4495-81F3-5EB377ECC49F}.Debug|x86.Build.0 = Debug|x86
		{46CC6AEA-1F46-4495-81F3-5EB377ECC49F}.Debug|x86.Deploy.0 = Debug|x86
		{46CC6AEA-1F46-4495-81F3-5EB377ECC49F}.Release|Any CPU.ActiveCfg = Release|x86
		{46CC6AEA-1F46-4495-81F3-5EB377ECC49F}.Release|ARM.ActiveCfg = Release|ARM
		{46CC6AEA-1F46-4495-81F3-5EB377ECC49F}.Release|ARM.Build.0 = Release|ARM
		{46CC6AEA-1F46-4495-81F3-5EB377ECC49F}.Release|ARM.Deploy.0 = Release|ARM
		{46CC6AEA-1F46-4495-81F3-5EB377ECC49F}.Release|ARM64.ActiveCfg = Release|ARM64
		{46CC6AEA-1F46-4495-81F3-5EB377ECC49F}.Release|ARM64.Build.0 = Release|ARM64
		{46CC6AEA-1F46-4495-81F3-5EB377ECC49F}.Release|ARM64.Deploy.0 = Release|ARM64
		{46CC6AEA-1F46-4495-81F3-5EB377ECC49F}.Release|x64.ActiveCfg = Release|x64
		{46CC6AEA-1F46-4495-81F3-5EB377ECC49F}.Release|x64.Build.0 = Release|x64
		{46CC6AEA-1F46-4495-81F3-5EB377ECC49F}.Release|x64.Deploy.0 = Release|x64
		{46CC6AEA-1F46-4495-81F3-5EB377ECC49F}.Release|x86.ActiveCfg = Release|x86
		{46CC6AEA-1F46-4495-81F3-5EB377ECC49F}.Release|x86.Build.0 = Release|x86
		{46CC6AEA-1F46-4495-81F3-5EB377ECC49F}.Release|x86.Deploy.0 = Release|x86
		{3BE9399B-962B-441B-80F3-3B2F7ED518CE}.Debug|Any CPU.ActiveCfg = Debug|Any CPU
		{3BE9399B-962B-441B-80F3-3B2F7ED518CE}.Debug|Any CPU.Build.0 = Debug|Any CPU
		{3BE9399B-962B-441B-80F3-3B2F7ED518CE}.Debug|ARM.ActiveCfg = Debug|ARM
		{3BE9399B-962B-441B-80F3-3B2F7ED518CE}.Debug|ARM.Build.0 = Debug|ARM
		{3BE9399B-962B-441B-80F3-3B2F7ED518CE}.Debug|ARM64.ActiveCfg = Debug|ARM64
		{3BE9399B-962B-441B-80F3-3B2F7ED518CE}.Debug|ARM64.Build.0 = Debug|ARM64
		{3BE9399B-962B-441B-80F3-3B2F7ED518CE}.Debug|x64.ActiveCfg = Debug|x64
		{3BE9399B-962B-441B-80F3-3B2F7ED518CE}.Debug|x64.Build.0 = Debug|x64
		{3BE9399B-962B-441B-80F3-3B2F7ED518CE}.Debug|x86.ActiveCfg = Debug|x86
		{3BE9399B-962B-441B-80F3-3B2F7ED518CE}.Debug|x86.Build.0 = Debug|x86
		{3BE9399B-962B-441B-80F3-3B2F7ED518CE}.Release|Any CPU.ActiveCfg = Release|Any CPU
		{3BE9399B-962B-441B-80F3-3B2F7ED518CE}.Release|Any CPU.Build.0 = Release|Any CPU
		{3BE9399B-962B-441B-80F3-3B2F7ED518CE}.Release|ARM.ActiveCfg = Release|ARM
		{3BE9399B-962B-441B-80F3-3B2F7ED518CE}.Release|ARM.Build.0 = Release|ARM
		{3BE9399B-962B-441B-80F3-3B2F7ED518CE}.Release|ARM64.ActiveCfg = Release|ARM64
		{3BE9399B-962B-441B-80F3-3B2F7ED518CE}.Release|ARM64.Build.0 = Release|ARM64
		{3BE9399B-962B-441B-80F3-3B2F7ED518CE}.Release|x64.ActiveCfg = Release|x64
		{3BE9399B-962B-441B-80F3-3B2F7ED518CE}.Release|x64.Build.0 = Release|x64
		{3BE9399B-962B-441B-80F3-3B2F7ED518CE}.Release|x86.ActiveCfg = Release|x86
		{3BE9399B-962B-441B-80F3-3B2F7ED518CE}.Release|x86.Build.0 = Release|x86
		{AA2F4A0D-214C-43C6-9B85-B9F4AC718898}.Debug|Any CPU.ActiveCfg = Debug|Any CPU
		{AA2F4A0D-214C-43C6-9B85-B9F4AC718898}.Debug|Any CPU.Build.0 = Debug|Any CPU
		{AA2F4A0D-214C-43C6-9B85-B9F4AC718898}.Debug|ARM.ActiveCfg = Debug|ARM
		{AA2F4A0D-214C-43C6-9B85-B9F4AC718898}.Debug|ARM.Build.0 = Debug|ARM
		{AA2F4A0D-214C-43C6-9B85-B9F4AC718898}.Debug|ARM64.ActiveCfg = Debug|ARM64
		{AA2F4A0D-214C-43C6-9B85-B9F4AC718898}.Debug|ARM64.Build.0 = Debug|ARM64
		{AA2F4A0D-214C-43C6-9B85-B9F4AC718898}.Debug|x64.ActiveCfg = Debug|x64
		{AA2F4A0D-214C-43C6-9B85-B9F4AC718898}.Debug|x64.Build.0 = Debug|x64
		{AA2F4A0D-214C-43C6-9B85-B9F4AC718898}.Debug|x86.ActiveCfg = Debug|x86
		{AA2F4A0D-214C-43C6-9B85-B9F4AC718898}.Debug|x86.Build.0 = Debug|x86
		{AA2F4A0D-214C-43C6-9B85-B9F4AC718898}.Release|Any CPU.ActiveCfg = Release|Any CPU
		{AA2F4A0D-214C-43C6-9B85-B9F4AC718898}.Release|Any CPU.Build.0 = Release|Any CPU
		{AA2F4A0D-214C-43C6-9B85-B9F4AC718898}.Release|ARM.ActiveCfg = Release|ARM
		{AA2F4A0D-214C-43C6-9B85-B9F4AC718898}.Release|ARM.Build.0 = Release|ARM
		{AA2F4A0D-214C-43C6-9B85-B9F4AC718898}.Release|ARM64.ActiveCfg = Release|ARM64
		{AA2F4A0D-214C-43C6-9B85-B9F4AC718898}.Release|ARM64.Build.0 = Release|ARM64
		{AA2F4A0D-214C-43C6-9B85-B9F4AC718898}.Release|x64.ActiveCfg = Release|x64
		{AA2F4A0D-214C-43C6-9B85-B9F4AC718898}.Release|x64.Build.0 = Release|x64
		{AA2F4A0D-214C-43C6-9B85-B9F4AC718898}.Release|x86.ActiveCfg = Release|x86
		{AA2F4A0D-214C-43C6-9B85-B9F4AC718898}.Release|x86.Build.0 = Release|x86
	EndGlobalSection
	GlobalSection(SolutionProperties) = preSolution
		HideSolutionNode = FALSE
	EndGlobalSection
	GlobalSection(ExtensibilityGlobals) = postSolution
		SolutionGuid = {E72E3C9F-7CDC-403F-95EA-73C8B9702719}
	EndGlobalSection
EndGlobal
